# THIS IS AN AUTOGENERATED FILE. DO NOT EDIT THIS FILE DIRECTLY.
# yarn lockfile v1


"@simplewebauthn/browser@^8.0.2":
  version "8.0.2"
  resolved "https://registry.yarnpkg.com/@simplewebauthn/browser/-/browser-8.0.2.tgz#a46497084a79c9504cedf0fdbec4f5b13d7ffb67"
  integrity sha512-VZ/PZuRErAP2P95f3l1do9XcyB4tSwuSFPSaPCB/YTFQ+/IuTdBv5j44KG1fLxHF3CI8IPyHAmD5//17GCaxLg==
  dependencies:
    "@simplewebauthn/typescript-types" "^8.0.0"

"@simplewebauthn/typescript-types@^8.0.0":
  version "8.0.0"
  resolved "https://registry.yarnpkg.com/@simplewebauthn/typescript-types/-/typescript-types-8.0.0.tgz#1698a7228aba880c5c1deba1f13a4f9fd8851cb3"
  integrity sha512-d7Izb2H+LZJteXMkS8DmpAarD6mZdpIOu/av/yH4/u/3Pd6DKFLyBM3j8BMmUvUqpzvJvHARNrRfQYto58mtTQ==
